PODS:
  - Alamofire (4.6.0)
  - ObjectMapper (3.1.0)
  - RxAlamofire (4.0.0):
    - RxAlamofire/Core (= 4.0.0)
  - RxAlamofire/Core (4.0.0):
    - Alamofire (~> 4.5)
    - RxSwift (~> 4.0)
  - RxCocoa (4.1.1):
    - RxSwift (~> 4.0)
  - RxSwift (4.1.1)

DEPENDENCIES:
  - ObjectMapper
  - RxAlamofire
  - RxCocoa
  - RxSwift

SPEC CHECKSUMS:
  Alamofire: f41a599bd63041760b26d393ec1069d9d7b917f4
  ObjectMapper: 20505058f54e5c3ca69e1d6de9897d152a5369a6
  RxAlamofire: 6ea579ac53bf14cb4bc7049a3866e5a769989b1d
  RxCocoa: fd0862fd2df95fa55562ad28ffd2522c25eb4a85
  RxSwift: c6e3b1c7b325c7d121cd4327e9d98b7ed746b570

PODFILE CHECKSUM: 237fe7072f763c9c2eaebba12cc58289300f1c93

COCOAPODS: 1.4.0
