// !$*UTF8*$!
{
	archiveVersion = 1;
	classes = {
	};
	objectVersion = 48;
	objects = {

/* Begin PBXBuildFile section */
		09746FE036C4843F646272A2 /* Pods_EventsTests.framework in Frameworks */ = {isa = PBXBuildFile; fileRef = 046EBAD9334C88C6A290B7A6 /* Pods_EventsTests.framework */; };
		45142B0C2025A4F10013B560 /* Api.swift in Sources */ = {isa = PBXBuildFile; fileRef = 45142B0B2025A4F10013B560 /* Api.swift */; };
		45142B0F2025A5770013B560 /* Event.swift in Sources */ = {isa = PBXBuildFile; fileRef = 45142B0E2025A5770013B560 /* Event.swift */; };
		45142B1B2025D69F0013B560 /* JsonExtensions.swift in Sources */ = {isa = PBXBuildFile; fileRef = 45142B1A2025D69F0013B560 /* JsonExtensions.swift */; };
		45142B1E2025DB1A0013B560 /* EventListViewController.swift in Sources */ = {isa = PBXBuildFile; fileRef = 45142B1D2025DB1A0013B560 /* EventListViewController.swift */; };
		45142B202025DE150013B560 /* RxExtensions.swift in Sources */ = {isa = PBXBuildFile; fileRef = 45142B1F2025DE150013B560 /* RxExtensions.swift */; };
		45142B262025FDC20013B560 /* Response.swift in Sources */ = {isa = PBXBuildFile; fileRef = 45142B252025FDC20013B560 /* Response.swift */; };
		45142B2820275A8C0013B560 /* ViewExtensions.swift in Sources */ = {isa = PBXBuildFile; fileRef = 45142B2720275A8C0013B560 /* ViewExtensions.swift */; };
		45142B2A202871D30013B560 /* EventListCell.swift in Sources */ = {isa = PBXBuildFile; fileRef = 45142B29202871D30013B560 /* EventListCell.swift */; };
		45142B2C20287DAC0013B560 /* StringExtensions.swift in Sources */ = {isa = PBXBuildFile; fileRef = 45142B2B20287DAC0013B560 /* StringExtensions.swift */; };
		45142B352028E8560013B560 /* AppModule.swift in Sources */ = {isa = PBXBuildFile; fileRef = 45142B342028E8560013B560 /* AppModule.swift */; };
		45142B372028EB640013B560 /* EventListModule.swift in Sources */ = {isa = PBXBuildFile; fileRef = 45142B362028EB640013B560 /* EventListModule.swift */; };
		45142B392028EF980013B560 /* EventListPresenter.swift in Sources */ = {isa = PBXBuildFile; fileRef = 45142B382028EF980013B560 /* EventListPresenter.swift */; };
		45142B3B2028EFBE0013B560 /* EventListMvpView.swift in Sources */ = {isa = PBXBuildFile; fileRef = 45142B3A2028EFBE0013B560 /* EventListMvpView.swift */; };
		45142B3E20304BFF0013B560 /* Arch.swift in Sources */ = {isa = PBXBuildFile; fileRef = 45142B3D20304BFF0013B560 /* Arch.swift */; };
		45B728D12030AA9C00563078 /* MessagesView.swift in Sources */ = {isa = PBXBuildFile; fileRef = 45B728D02030AA9C00563078 /* MessagesView.swift */; };
		45B728D32030D2FA00563078 /* CategoryFilterViewController.swift in Sources */ = {isa = PBXBuildFile; fileRef = 45B728D22030D2FA00563078 /* CategoryFilterViewController.swift */; };
		45B728D62030D36A00563078 /* CategoryFilterPresenter.swift in Sources */ = {isa = PBXBuildFile; fileRef = 45B728D52030D36A00563078 /* CategoryFilterPresenter.swift */; };
		45BB70D02031900C002C67BC /* Preferences.swift in Sources */ = {isa = PBXBuildFile; fileRef = 45BB70CF2031900C002C67BC /* Preferences.swift */; };
		45BB70D220319EBE002C67BC /* CategoryFilterMvpView.swift in Sources */ = {isa = PBXBuildFile; fileRef = 45BB70D120319EBE002C67BC /* CategoryFilterMvpView.swift */; };
		45BB70D420319F0C002C67BC /* CategoryFilterModule.swift in Sources */ = {isa = PBXBuildFile; fileRef = 45BB70D320319F0C002C67BC /* CategoryFilterModule.swift */; };
		45BB70D62031A506002C67BC /* EventsSettings.swift in Sources */ = {isa = PBXBuildFile; fileRef = 45BB70D52031A506002C67BC /* EventsSettings.swift */; };
		45BB70DA2031C28F002C67BC /* EventsInteractor.swift in Sources */ = {isa = PBXBuildFile; fileRef = 45BB70D92031C28F002C67BC /* EventsInteractor.swift */; };
		45D7F76320258D32005AE528 /* AppDelegate.swift in Sources */ = {isa = PBXBuildFile; fileRef = 45D7F76220258D32005AE528 /* AppDelegate.swift */; };
		45D7F76820258D32005AE528 /* Main.storyboard in Resources */ = {isa = PBXBuildFile; fileRef = 45D7F76620258D32005AE528 /* Main.storyboard */; };
		45D7F76A20258D32005AE528 /* Assets.xcassets in Resources */ = {isa = PBXBuildFile; fileRef = 45D7F76920258D32005AE528 /* Assets.xcassets */; };
		45D7F76D20258D32005AE528 /* LaunchScreen.storyboard in Resources */ = {isa = PBXBuildFile; fileRef = 45D7F76B20258D32005AE528 /* LaunchScreen.storyboard */; };
		45D7F77820258D32005AE528 /* EventsTests.swift in Sources */ = {isa = PBXBuildFile; fileRef = 45D7F77720258D32005AE528 /* EventsTests.swift */; };
		45D7F78320258D32005AE528 /* EventsUITests.swift in Sources */ = {isa = PBXBuildFile; fileRef = 45D7F78220258D32005AE528 /* EventsUITests.swift */; };
		4FFF97F8FB8E75AF66FA98E3 /* Pods_Events.framework in Frameworks */ = {isa = PBXBuildFile; fileRef = FA32B35A04788DE6E5F89D56 /* Pods_Events.framework */; };
		A15CF7C3289064927097177B /* Pods_EventsUITests.framework in Frameworks */ = {isa = PBXBuildFile; fileRef = CE9CE838E30F7ECD7AB2A16A /* Pods_EventsUITests.framework */; };
		B13A588EB2F25A9E3E505DB8 /* Pods_Smile_Expo_EventsUITests.framework in Frameworks */ = {isa = PBXBuildFile; fileRef = 13E16A95909F12219F7B43A1 /* Pods_Smile_Expo_EventsUITests.framework */; };
		CC968CA6366676835A8B19A3 /* Errors.swift in Sources */ = {isa = PBXBuildFile; fileRef = CC968D7CE368B49B736A8F0F /* Errors.swift */; };
		CC968D61966B56C4CE380C91 /* Logger.swift in Sources */ = {isa = PBXBuildFile; fileRef = CC9688425273E50714305755 /* Logger.swift */; };
		DA60B52748170CB6C31C6A8A /* Pods_Smile_Expo_EventsTests.framework in Frameworks */ = {isa = PBXBuildFile; fileRef = 5BB64FF866113EE9C59F1C25 /* Pods_Smile_Expo_EventsTests.framework */; };
/* End PBXBuildFile section */

/* Begin PBXContainerItemProxy section */
		45D7F77420258D32005AE528 /* PBXContainerItemProxy */ = {
			isa = PBXContainerItemProxy;
			containerPortal = 45D7F75720258D32005AE528 /* Project object */;
			proxyType = 1;
			remoteGlobalIDString = 45D7F75E20258D32005AE528;
			remoteInfo = "Smile Expo Events";
		};
		45D7F77F20258D32005AE528 /* PBXContainerItemProxy */ = {
			isa = PBXContainerItemProxy;
			containerPortal = 45D7F75720258D32005AE528 /* Project object */;
			proxyType = 1;
			remoteGlobalIDString = 45D7F75E20258D32005AE528;
			remoteInfo = "Smile Expo Events";
		};
/* End PBXContainerItemProxy section */

/* Begin PBXFileReference section */
		046EBAD9334C88C6A290B7A6 /* Pods_EventsTests.framework */ = {isa = PBXFileReference; explicitFileType = wrapper.framework; includeInIndex = 0; path = Pods_EventsTests.framework; sourceTree = BUILT_PRODUCTS_DIR; };
		0647CD574D1F126E55785C4B /* Pods-EventsTests.debug.xcconfig */ = {isa = PBXFileReference; includeInIndex = 1; lastKnownFileType = text.xcconfig; name = "Pods-EventsTests.debug.xcconfig"; path = "Pods/Target Support Files/Pods-EventsTests/Pods-EventsTests.debug.xcconfig"; sourceTree = "<group>"; };
		0861A59B9C8FD70ABB98BB10 /* Pods-Smile Expo Events.release.xcconfig */ = {isa = PBXFileReference; includeInIndex = 1; lastKnownFileType = text.xcconfig; name = "Pods-Smile Expo Events.release.xcconfig"; path = "Pods/Target Support Files/Pods-Smile Expo Events/Pods-Smile Expo Events.release.xcconfig"; sourceTree = "<group>"; };
		1048E914EBACFCFA06D566A7 /* Pods-EventsUITests.debug.xcconfig */ = {isa = PBXFileReference; includeInIndex = 1; lastKnownFileType = text.xcconfig; name = "Pods-EventsUITests.debug.xcconfig"; path = "Pods/Target Support Files/Pods-EventsUITests/Pods-EventsUITests.debug.xcconfig"; sourceTree = "<group>"; };
		13E16A95909F12219F7B43A1 /* Pods_Smile_Expo_EventsUITests.framework */ = {isa = PBXFileReference; explicitFileType = wrapper.framework; includeInIndex = 0; path = Pods_Smile_Expo_EventsUITests.framework; sourceTree = BUILT_PRODUCTS_DIR; };
		15A06B7CA360BABB62DC1937 /* Pods-EventsTests.release.xcconfig */ = {isa = PBXFileReference; includeInIndex = 1; lastKnownFileType = text.xcconfig; name = "Pods-EventsTests.release.xcconfig"; path = "Pods/Target Support Files/Pods-EventsTests/Pods-EventsTests.release.xcconfig"; sourceTree = "<group>"; };
		2142A960BDB774783CDEAE82 /* Pods-Events.release.xcconfig */ = {isa = PBXFileReference; includeInIndex = 1; lastKnownFileType = text.xcconfig; name = "Pods-Events.release.xcconfig"; path = "Pods/Target Support Files/Pods-Events/Pods-Events.release.xcconfig"; sourceTree = "<group>"; };
		2F6D8C0554DEF1CD7F2388A3 /* Pods-Events.debug.xcconfig */ = {isa = PBXFileReference; includeInIndex = 1; lastKnownFileType = text.xcconfig; name = "Pods-Events.debug.xcconfig"; path = "Pods/Target Support Files/Pods-Events/Pods-Events.debug.xcconfig"; sourceTree = "<group>"; };
		45142B0B2025A4F10013B560 /* Api.swift */ = {isa = PBXFileReference; lastKnownFileType = sourcecode.swift; path = Api.swift; sourceTree = "<group>"; };
		45142B0E2025A5770013B560 /* Event.swift */ = {isa = PBXFileReference; lastKnownFileType = sourcecode.swift; path = Event.swift; sourceTree = "<group>"; };
		45142B1A2025D69F0013B560 /* JsonExtensions.swift */ = {isa = PBXFileReference; lastKnownFileType = sourcecode.swift; path = JsonExtensions.swift; sourceTree = "<group>"; };
		45142B1D2025DB1A0013B560 /* EventListViewController.swift */ = {isa = PBXFileReference; lastKnownFileType = sourcecode.swift; path = EventListViewController.swift; sourceTree = "<group>"; };
		45142B1F2025DE150013B560 /* RxExtensions.swift */ = {isa = PBXFileReference; lastKnownFileType = sourcecode.swift; path = RxExtensions.swift; sourceTree = "<group>"; };
		45142B252025FDC20013B560 /* Response.swift */ = {isa = PBXFileReference; lastKnownFileType = sourcecode.swift; path = Response.swift; sourceTree = "<group>"; };
		45142B2720275A8C0013B560 /* ViewExtensions.swift */ = {isa = PBXFileReference; lastKnownFileType = sourcecode.swift; path = ViewExtensions.swift; sourceTree = "<group>"; };
		45142B29202871D30013B560 /* EventListCell.swift */ = {isa = PBXFileReference; lastKnownFileType = sourcecode.swift; path = EventListCell.swift; sourceTree = "<group>"; };
		45142B2B20287DAC0013B560 /* StringExtensions.swift */ = {isa = PBXFileReference; lastKnownFileType = sourcecode.swift; path = StringExtensions.swift; sourceTree = "<group>"; };
		45142B342028E8560013B560 /* AppModule.swift */ = {isa = PBXFileReference; lastKnownFileType = sourcecode.swift; path = AppModule.swift; sourceTree = "<group>"; };
		45142B362028EB640013B560 /* EventListModule.swift */ = {isa = PBXFileReference; lastKnownFileType = sourcecode.swift; path = EventListModule.swift; sourceTree = "<group>"; };
		45142B382028EF980013B560 /* EventListPresenter.swift */ = {isa = PBXFileReference; lastKnownFileType = sourcecode.swift; path = EventListPresenter.swift; sourceTree = "<group>"; };
		45142B3A2028EFBE0013B560 /* EventListMvpView.swift */ = {isa = PBXFileReference; lastKnownFileType = sourcecode.swift; path = EventListMvpView.swift; sourceTree = "<group>"; };
		45142B3D20304BFF0013B560 /* Arch.swift */ = {isa = PBXFileReference; lastKnownFileType = sourcecode.swift; path = Arch.swift; sourceTree = "<group>"; };
		45B728D02030AA9C00563078 /* MessagesView.swift */ = {isa = PBXFileReference; lastKnownFileType = sourcecode.swift; path = MessagesView.swift; sourceTree = "<group>"; };
		45B728D22030D2FA00563078 /* CategoryFilterViewController.swift */ = {isa = PBXFileReference; lastKnownFileType = sourcecode.swift; path = CategoryFilterViewController.swift; sourceTree = "<group>"; };
		45B728D52030D36A00563078 /* CategoryFilterPresenter.swift */ = {isa = PBXFileReference; lastKnownFileType = sourcecode.swift; path = CategoryFilterPresenter.swift; sourceTree = "<group>"; };
		45BB70CF2031900C002C67BC /* Preferences.swift */ = {isa = PBXFileReference; lastKnownFileType = sourcecode.swift; path = Preferences.swift; sourceTree = "<group>"; };
		45BB70D120319EBE002C67BC /* CategoryFilterMvpView.swift */ = {isa = PBXFileReference; lastKnownFileType = sourcecode.swift; path = CategoryFilterMvpView.swift; sourceTree = "<group>"; };
		45BB70D320319F0C002C67BC /* CategoryFilterModule.swift */ = {isa = PBXFileReference; lastKnownFileType = sourcecode.swift; path = CategoryFilterModule.swift; sourceTree = "<group>"; };
		45BB70D52031A506002C67BC /* EventsSettings.swift */ = {isa = PBXFileReference; lastKnownFileType = sourcecode.swift; path = EventsSettings.swift; sourceTree = "<group>"; };
		45BB70D92031C28F002C67BC /* EventsInteractor.swift */ = {isa = PBXFileReference; lastKnownFileType = sourcecode.swift; path = EventsInteractor.swift; sourceTree = "<group>"; };
		45D7F75F20258D32005AE528 /* Events.app */ = {isa = PBXFileReference; explicitFileType = wrapper.application; includeInIndex = 0; path = Events.app; sourceTree = BUILT_PRODUCTS_DIR; };
		45D7F76220258D32005AE528 /* AppDelegate.swift */ = {isa = PBXFileReference; lastKnownFileType = sourcecode.swift; path = AppDelegate.swift; sourceTree = "<group>"; };
		45D7F76720258D32005AE528 /* Base */ = {isa = PBXFileReference; lastKnownFileType = file.storyboard; name = Base; path = Base.lproj/Main.storyboard; sourceTree = "<group>"; };
		45D7F76920258D32005AE528 /* Assets.xcassets */ = {isa = PBXFileReference; lastKnownFileType = folder.assetcatalog; path = Assets.xcassets; sourceTree = "<group>"; };
		45D7F76C20258D32005AE528 /* Base */ = {isa = PBXFileReference; lastKnownFileType = file.storyboard; name = Base; path = Base.lproj/LaunchScreen.storyboard; sourceTree = "<group>"; };
		45D7F76E20258D32005AE528 /* Info.plist */ = {isa = PBXFileReference; lastKnownFileType = text.plist.xml; path = Info.plist; sourceTree = "<group>"; };
		45D7F77320258D32005AE528 /* EventsTests.xctest */ = {isa = PBXFileReference; explicitFileType = wrapper.cfbundle; includeInIndex = 0; path = EventsTests.xctest; sourceTree = BUILT_PRODUCTS_DIR; };
		45D7F77720258D32005AE528 /* EventsTests.swift */ = {isa = PBXFileReference; lastKnownFileType = sourcecode.swift; path = EventsTests.swift; sourceTree = "<group>"; };
		45D7F77920258D32005AE528 /* Info.plist */ = {isa = PBXFileReference; lastKnownFileType = text.plist.xml; path = Info.plist; sourceTree = "<group>"; };
		45D7F77E20258D32005AE528 /* EventsUITests.xctest */ = {isa = PBXFileReference; explicitFileType = wrapper.cfbundle; includeInIndex = 0; path = EventsUITests.xctest; sourceTree = BUILT_PRODUCTS_DIR; };
		45D7F78220258D32005AE528 /* EventsUITests.swift */ = {isa = PBXFileReference; lastKnownFileType = sourcecode.swift; path = EventsUITests.swift; sourceTree = "<group>"; };
		45D7F78420258D32005AE528 /* Info.plist */ = {isa = PBXFileReference; lastKnownFileType = text.plist.xml; path = Info.plist; sourceTree = "<group>"; };
		52AC1635D13D8ACFF77D6303 /* Pods-Smile Expo EventsTests.release.xcconfig */ = {isa = PBXFileReference; includeInIndex = 1; lastKnownFileType = text.xcconfig; name = "Pods-Smile Expo EventsTests.release.xcconfig"; path = "Pods/Target Support Files/Pods-Smile Expo EventsTests/Pods-Smile Expo EventsTests.release.xcconfig"; sourceTree = "<group>"; };
		578CACBF1FD6D57861CA360E /* Pods-Smile Expo Events.debug.xcconfig */ = {isa = PBXFileReference; includeInIndex = 1; lastKnownFileType = text.xcconfig; name = "Pods-Smile Expo Events.debug.xcconfig"; path = "Pods/Target Support Files/Pods-Smile Expo Events/Pods-Smile Expo Events.debug.xcconfig"; sourceTree = "<group>"; };
		5BB64FF866113EE9C59F1C25 /* Pods_Smile_Expo_EventsTests.framework */ = {isa = PBXFileReference; explicitFileType = wrapper.framework; includeInIndex = 0; path = Pods_Smile_Expo_EventsTests.framework; sourceTree = BUILT_PRODUCTS_DIR; };
		77348645460B3E8F4125107D /* Pods_Smile_Expo_Events.framework */ = {isa = PBXFileReference; explicitFileType = wrapper.framework; includeInIndex = 0; path = Pods_Smile_Expo_Events.framework; sourceTree = BUILT_PRODUCTS_DIR; };
		92853F315A977E721FBEA33F /* Pods-Smile Expo EventsTests.debug.xcconfig */ = {isa = PBXFileReference; includeInIndex = 1; lastKnownFileType = text.xcconfig; name = "Pods-Smile Expo EventsTests.debug.xcconfig"; path = "Pods/Target Support Files/Pods-Smile Expo EventsTests/Pods-Smile Expo EventsTests.debug.xcconfig"; sourceTree = "<group>"; };
		B3D5BE308C5CD8A24E2763D7 /* Pods-EventsUITests.release.xcconfig */ = {isa = PBXFileReference; includeInIndex = 1; lastKnownFileType = text.xcconfig; name = "Pods-EventsUITests.release.xcconfig"; path = "Pods/Target Support Files/Pods-EventsUITests/Pods-EventsUITests.release.xcconfig"; sourceTree = "<group>"; };
		CC9688425273E50714305755 /* Logger.swift */ = {isa = PBXFileReference; fileEncoding = 4; lastKnownFileType = sourcecode.swift; path = Logger.swift; sourceTree = "<group>"; };
		CC968D7CE368B49B736A8F0F /* Errors.swift */ = {isa = PBXFileReference; fileEncoding = 4; lastKnownFileType = sourcecode.swift; path = Errors.swift; sourceTree = "<group>"; };
		CE9CE838E30F7ECD7AB2A16A /* Pods_EventsUITests.framework */ = {isa = PBXFileReference; explicitFileType = wrapper.framework; includeInIndex = 0; path = Pods_EventsUITests.framework; sourceTree = BUILT_PRODUCTS_DIR; };
		DFDB2AF696D81C1E941C1D3F /* Pods-Smile Expo EventsUITests.release.xcconfig */ = {isa = PBXFileReference; includeInIndex = 1; lastKnownFileType = text.xcconfig; name = "Pods-Smile Expo EventsUITests.release.xcconfig"; path = "Pods/Target Support Files/Pods-Smile Expo EventsUITests/Pods-Smile Expo EventsUITests.release.xcconfig"; sourceTree = "<group>"; };
		E409B87B1264A7D44946B71B /* Pods-Smile Expo EventsUITests.debug.xcconfig */ = {isa = PBXFileReference; includeInIndex = 1; lastKnownFileType = text.xcconfig; name = "Pods-Smile Expo EventsUITests.debug.xcconfig"; path = "Pods/Target Support Files/Pods-Smile Expo EventsUITests/Pods-Smile Expo EventsUITests.debug.xcconfig"; sourceTree = "<group>"; };
		FA32B35A04788DE6E5F89D56 /* Pods_Events.framework */ = {isa = PBXFileReference; explicitFileType = wrapper.framework; includeInIndex = 0; path = Pods_Events.framework; sourceTree = BUILT_PRODUCTS_DIR; };
/* End PBXFileReference section */

/* Begin PBXFrameworksBuildPhase section */
		45D7F75C20258D32005AE528 /* Frameworks */ = {
			isa = PBXFrameworksBuildPhase;
			buildActionMask = 2147483647;
			files = (
				4FFF97F8FB8E75AF66FA98E3 /* Pods_Events.framework in Frameworks */,
			);
			runOnlyForDeploymentPostprocessing = 0;
		};
		45D7F77020258D32005AE528 /* Frameworks */ = {
			isa = PBXFrameworksBuildPhase;
			buildActionMask = 2147483647;
			files = (
				DA60B52748170CB6C31C6A8A /* Pods_Smile_Expo_EventsTests.framework in Frameworks */,
				09746FE036C4843F646272A2 /* Pods_EventsTests.framework in Frameworks */,
			);
			runOnlyForDeploymentPostprocessing = 0;
		};
		45D7F77B20258D32005AE528 /* Frameworks */ = {
			isa = PBXFrameworksBuildPhase;
			buildActionMask = 2147483647;
			files = (
				B13A588EB2F25A9E3E505DB8 /* Pods_Smile_Expo_EventsUITests.framework in Frameworks */,
				A15CF7C3289064927097177B /* Pods_EventsUITests.framework in Frameworks */,
			);
			runOnlyForDeploymentPostprocessing = 0;
		};
/* End PBXFrameworksBuildPhase section */

/* Begin PBXGroup section */
		3EDC8BAB8B59CAAE7EF99C2A /* Pods */ = {
			isa = PBXGroup;
			children = (
				578CACBF1FD6D57861CA360E /* Pods-Smile Expo Events.debug.xcconfig */,
				0861A59B9C8FD70ABB98BB10 /* Pods-Smile Expo Events.release.xcconfig */,
				92853F315A977E721FBEA33F /* Pods-Smile Expo EventsTests.debug.xcconfig */,
				52AC1635D13D8ACFF77D6303 /* Pods-Smile Expo EventsTests.release.xcconfig */,
				E409B87B1264A7D44946B71B /* Pods-Smile Expo EventsUITests.debug.xcconfig */,
				DFDB2AF696D81C1E941C1D3F /* Pods-Smile Expo EventsUITests.release.xcconfig */,
				2F6D8C0554DEF1CD7F2388A3 /* Pods-Events.debug.xcconfig */,
				2142A960BDB774783CDEAE82 /* Pods-Events.release.xcconfig */,
				0647CD574D1F126E55785C4B /* Pods-EventsTests.debug.xcconfig */,
				15A06B7CA360BABB62DC1937 /* Pods-EventsTests.release.xcconfig */,
				1048E914EBACFCFA06D566A7 /* Pods-EventsUITests.debug.xcconfig */,
				B3D5BE308C5CD8A24E2763D7 /* Pods-EventsUITests.release.xcconfig */,
			);
			name = Pods;
			sourceTree = "<group>";
		};
		45142B0A2025A4E60013B560 /* api */ = {
			isa = PBXGroup;
			children = (
				45142B0D2025A5620013B560 /* model */,
				45142B0B2025A4F10013B560 /* Api.swift */,
			);
			path = api;
			sourceTree = "<group>";
		};
		45142B0D2025A5620013B560 /* model */ = {
			isa = PBXGroup;
			children = (
				45142B0E2025A5770013B560 /* Event.swift */,
				45142B252025FDC20013B560 /* Response.swift */,
			);
			path = model;
			sourceTree = "<group>";
		};
		45142B122025C3000013B560 /* event_list */ = {
			isa = PBXGroup;
			children = (
				45142B1D2025DB1A0013B560 /* EventListViewController.swift */,
				45142B3A2028EFBE0013B560 /* EventListMvpView.swift */,
				45142B382028EF980013B560 /* EventListPresenter.swift */,
				45142B362028EB640013B560 /* EventListModule.swift */,
				45142B29202871D30013B560 /* EventListCell.swift */,
			);
			path = event_list;
			sourceTree = "<group>";
		};
		45142B132025C3390013B560 /* ui */ = {
			isa = PBXGroup;
			children = (
				45142B3C20304BEE0013B560 /* base */,
				45142B122025C3000013B560 /* event_list */,
				45B728D42030D34B00563078 /* category_filter */,
			);
			path = ui;
			sourceTree = "<group>";
		};
		45142B1C2025D76B0013B560 /* extensions */ = {
			isa = PBXGroup;
			children = (
				45142B1A2025D69F0013B560 /* JsonExtensions.swift */,
				45142B1F2025DE150013B560 /* RxExtensions.swift */,
				45142B2720275A8C0013B560 /* ViewExtensions.swift */,
				45142B2B20287DAC0013B560 /* StringExtensions.swift */,
			);
			path = extensions;
			sourceTree = "<group>";
		};
		45142B3C20304BEE0013B560 /* base */ = {
			isa = PBXGroup;
			children = (
				45142B3D20304BFF0013B560 /* Arch.swift */,
			);
			path = base;
			sourceTree = "<group>";
		};
		45B728CF2030A9FD00563078 /* helpers */ = {
			isa = PBXGroup;
			children = (
				CC968D7CE368B49B736A8F0F /* Errors.swift */,
				CC9688425273E50714305755 /* Logger.swift */,
				45B728D02030AA9C00563078 /* MessagesView.swift */,
			);
			path = helpers;
			sourceTree = "<group>";
		};
		45B728D42030D34B00563078 /* category_filter */ = {
			isa = PBXGroup;
			children = (
				45B728D22030D2FA00563078 /* CategoryFilterViewController.swift */,
				45BB70D120319EBE002C67BC /* CategoryFilterMvpView.swift */,
				45B728D52030D36A00563078 /* CategoryFilterPresenter.swift */,
				45BB70D320319F0C002C67BC /* CategoryFilterModule.swift */,
			);
			path = category_filter;
			sourceTree = "<group>";
		};
		45BB70CE20318FFA002C67BC /* database */ = {
			isa = PBXGroup;
			children = (
				45BB70D72031A609002C67BC /* model */,
				45BB70CF2031900C002C67BC /* Preferences.swift */,
			);
			path = database;
			sourceTree = "<group>";
		};
		45BB70D72031A609002C67BC /* model */ = {
			isa = PBXGroup;
			children = (
				45BB70D52031A506002C67BC /* EventsSettings.swift */,
			);
			path = model;
			sourceTree = "<group>";
		};
		45BB70D82031C030002C67BC /* interactors */ = {
			isa = PBXGroup;
			children = (
				45BB70D92031C28F002C67BC /* EventsInteractor.swift */,
			);
			path = interactors;
			sourceTree = "<group>";
		};
		45D7F75620258D32005AE528 = {
			isa = PBXGroup;
			children = (
				45D7F76120258D32005AE528 /* Events */,
				45D7F77620258D32005AE528 /* EventsTests */,
				45D7F78120258D32005AE528 /* EventsUITests */,
				45D7F76020258D32005AE528 /* Products */,
				3EDC8BAB8B59CAAE7EF99C2A /* Pods */,
				B741931CFEFA7570A42F53C1 /* Frameworks */,
			);
			sourceTree = "<group>";
		};
		45D7F76020258D32005AE528 /* Products */ = {
			isa = PBXGroup;
			children = (
				45D7F75F20258D32005AE528 /* Events.app */,
				45D7F77320258D32005AE528 /* EventsTests.xctest */,
				45D7F77E20258D32005AE528 /* EventsUITests.xctest */,
			);
			name = Products;
			sourceTree = "<group>";
		};
		45D7F76120258D32005AE528 /* Events */ = {
			isa = PBXGroup;
			children = (
				45142B0A2025A4E60013B560 /* api */,
				45BB70CE20318FFA002C67BC /* database */,
				45BB70D82031C030002C67BC /* interactors */,
				45142B132025C3390013B560 /* ui */,
				45142B1C2025D76B0013B560 /* extensions */,
				45B728CF2030A9FD00563078 /* helpers */,
				45142B342028E8560013B560 /* AppModule.swift */,
				45D7F76220258D32005AE528 /* AppDelegate.swift */,
				45D7F76620258D32005AE528 /* Main.storyboard */,
				45D7F76B20258D32005AE528 /* LaunchScreen.storyboard */,
				45D7F76920258D32005AE528 /* Assets.xcassets */,
				45D7F76E20258D32005AE528 /* Info.plist */,
			);
			path = Events;
			sourceTree = "<group>";
		};
		45D7F77620258D32005AE528 /* EventsTests */ = {
			isa = PBXGroup;
			children = (
				45D7F77720258D32005AE528 /* EventsTests.swift */,
				45D7F77920258D32005AE528 /* Info.plist */,
			);
			path = EventsTests;
			sourceTree = "<group>";
		};
		45D7F78120258D32005AE528 /* EventsUITests */ = {
			isa = PBXGroup;
			children = (
				45D7F78220258D32005AE528 /* EventsUITests.swift */,
				45D7F78420258D32005AE528 /* Info.plist */,
			);
			path = EventsUITests;
			sourceTree = "<group>";
		};
		B741931CFEFA7570A42F53C1 /* Frameworks */ = {
			isa = PBXGroup;
			children = (
				77348645460B3E8F4125107D /* Pods_Smile_Expo_Events.framework */,
				5BB64FF866113EE9C59F1C25 /* Pods_Smile_Expo_EventsTests.framework */,
				13E16A95909F12219F7B43A1 /* Pods_Smile_Expo_EventsUITests.framework */,
				FA32B35A04788DE6E5F89D56 /* Pods_Events.framework */,
				046EBAD9334C88C6A290B7A6 /* Pods_EventsTests.framework */,
				CE9CE838E30F7ECD7AB2A16A /* Pods_EventsUITests.framework */,
			);
			name = Frameworks;
			sourceTree = "<group>";
		};
/* End PBXGroup section */

/* Begin PBXNativeTarget section */
		45D7F75E20258D32005AE528 /* Events */ = {
			isa = PBXNativeTarget;
			buildConfigurationList = 45D7F78720258D32005AE528 /* Build configuration list for PBXNativeTarget "Events" */;
			buildPhases = (
				F886B4CF1CF90A10C92976EF /* [CP] Check Pods Manifest.lock */,
				45D7F75B20258D32005AE528 /* Sources */,
				45D7F75C20258D32005AE528 /* Frameworks */,
				45D7F75D20258D32005AE528 /* Resources */,
				8D183F7C089066428665937D /* [CP] Embed Pods Frameworks */,
				38E3A8560F2B58CE3EC96A3F /* [CP] Copy Pods Resources */,
			);
			buildRules = (
			);
			dependencies = (
			);
			name = Events;
			productName = "Smile Expo Events";
			productReference = 45D7F75F20258D32005AE528 /* Events.app */;
			productType = "com.apple.product-type.application";
		};
		45D7F77220258D32005AE528 /* EventsTests */ = {
			isa = PBXNativeTarget;
			buildConfigurationList = 45D7F78A20258D32005AE528 /* Build configuration list for PBXNativeTarget "EventsTests" */;
			buildPhases = (
				2A54C6A6733DB0E791DF799C /* [CP] Check Pods Manifest.lock */,
				45D7F76F20258D32005AE528 /* Sources */,
				45D7F77020258D32005AE528 /* Frameworks */,
				45D7F77120258D32005AE528 /* Resources */,
				B0E732CABD9CCDA7BBE6EFE2 /* [CP] Embed Pods Frameworks */,
				C907957BD0FFF27D67C69AE4 /* [CP] Copy Pods Resources */,
			);
			buildRules = (
			);
			dependencies = (
				45D7F77520258D32005AE528 /* PBXTargetDependency */,
			);
			name = EventsTests;
			productName = "Smile Expo EventsTests";
			productReference = 45D7F77320258D32005AE528 /* EventsTests.xctest */;
			productType = "com.apple.product-type.bundle.unit-test";
		};
		45D7F77D20258D32005AE528 /* EventsUITests */ = {
			isa = PBXNativeTarget;
			buildConfigurationList = 45D7F78D20258D32005AE528 /* Build configuration list for PBXNativeTarget "EventsUITests" */;
			buildPhases = (
				800BFC918D30567B15130B95 /* [CP] Check Pods Manifest.lock */,
				45D7F77A20258D32005AE528 /* Sources */,
				45D7F77B20258D32005AE528 /* Frameworks */,
				45D7F77C20258D32005AE528 /* Resources */,
				1B271ED1CC296A03E97BF730 /* [CP] Embed Pods Frameworks */,
				E2199C9845DAAE05C9C18810 /* [CP] Copy Pods Resources */,
			);
			buildRules = (
			);
			dependencies = (
				45D7F78020258D32005AE528 /* PBXTargetDependency */,
			);
			name = EventsUITests;
			productName = "Smile Expo EventsUITests";
			productReference = 45D7F77E20258D32005AE528 /* EventsUITests.xctest */;
			productType = "com.apple.product-type.bundle.ui-testing";
		};
/* End PBXNativeTarget section */

/* Begin PBXProject section */
		45D7F75720258D32005AE528 /* Project object */ = {
			isa = PBXProject;
			attributes = {
				LastSwiftUpdateCheck = 0920;
				LastUpgradeCheck = 0920;
				ORGANIZATIONNAME = "Michael Zhukov";
				TargetAttributes = {
					45D7F75E20258D32005AE528 = {
						CreatedOnToolsVersion = 9.2;
						ProvisioningStyle = Automatic;
					};
					45D7F77220258D32005AE528 = {
						CreatedOnToolsVersion = 9.2;
						ProvisioningStyle = Automatic;
						TestTargetID = 45D7F75E20258D32005AE528;
					};
					45D7F77D20258D32005AE528 = {
						CreatedOnToolsVersion = 9.2;
						ProvisioningStyle = Automatic;
						TestTargetID = 45D7F75E20258D32005AE528;
					};
				};
			};
			buildConfigurationList = 45D7F75A20258D32005AE528 /* Build configuration list for PBXProject "Events" */;
			compatibilityVersion = "Xcode 8.0";
			developmentRegion = en;
			hasScannedForEncodings = 0;
			knownRegions = (
				en,
				Base,
			);
			mainGroup = 45D7F75620258D32005AE528;
			productRefGroup = 45D7F76020258D32005AE528 /* Products */;
			projectDirPath = "";
			projectRoot = "";
			targets = (
				45D7F75E20258D32005AE528 /* Events */,
				45D7F77220258D32005AE528 /* EventsTests */,
				45D7F77D20258D32005AE528 /* EventsUITests */,
			);
		};
/* End PBXProject section */

/* Begin PBXResourcesBuildPhase section */
		45D7F75D20258D32005AE528 /* Resources */ = {
			isa = PBXResourcesBuildPhase;
			buildActionMask = 2147483647;
			files = (
				45D7F76D20258D32005AE528 /* LaunchScreen.storyboard in Resources */,
				45D7F76A20258D32005AE528 /* Assets.xcassets in Resources */,
				45D7F76820258D32005AE528 /* Main.storyboard in Resources */,
			);
			runOnlyForDeploymentPostprocessing = 0;
		};
		45D7F77120258D32005AE528 /* Resources */ = {
			isa = PBXResourcesBuildPhase;
			buildActionMask = 2147483647;
			files = (
			);
			runOnlyForDeploymentPostprocessing = 0;
		};
		45D7F77C20258D32005AE528 /* Resources */ = {
			isa = PBXResourcesBuildPhase;
			buildActionMask = 2147483647;
			files = (
			);
			runOnlyForDeploymentPostprocessing = 0;
		};
/* End PBXResourcesBuildPhase section */

/* Begin PBXShellScriptBuildPhase section */
		1B271ED1CC296A03E97BF730 /* [CP] Embed Pods Frameworks */ = {
			isa = PBXShellScriptBuildPhase;
			buildActionMask = 2147483647;
			files = (
			);
			inputPaths = (
			);
			name = "[CP] Embed Pods Frameworks";
			outputPaths = (
			);
			runOnlyForDeploymentPostprocessing = 0;
			shellPath = /bin/sh;
			shellScript = "\"${SRCROOT}/Pods/Target Support Files/Pods-EventsUITests/Pods-EventsUITests-frameworks.sh\"\n";
			showEnvVarsInLog = 0;
		};
		2A54C6A6733DB0E791DF799C /* [CP] Check Pods Manifest.lock */ = {
			isa = PBXShellScriptBuildPhase;
			buildActionMask = 2147483647;
			files = (
			);
			inputPaths = (
				"${PODS_PODFILE_DIR_PATH}/Podfile.lock",
				"${PODS_ROOT}/Manifest.lock",
			);
			name = "[CP] Check Pods Manifest.lock";
			outputPaths = (
				"$(DERIVED_FILE_DIR)/Pods-EventsTests-checkManifestLockResult.txt",
			);
			runOnlyForDeploymentPostprocessing = 0;
			shellPath = /bin/sh;
			shellScript = "diff \"${PODS_PODFILE_DIR_PATH}/Podfile.lock\" \"${PODS_ROOT}/Manifest.lock\" > /dev/null\nif [ $? != 0 ] ; then\n    # print error to STDERR\n    echo \"error: The sandbox is not in sync with the Podfile.lock. Run 'pod install' or update your CocoaPods installation.\" >&2\n    exit 1\nfi\n# This output is used by Xcode 'outputs' to avoid re-running this script phase.\necho \"SUCCESS\" > \"${SCRIPT_OUTPUT_FILE_0}\"\n";
			showEnvVarsInLog = 0;
		};
		38E3A8560F2B58CE3EC96A3F /* [CP] Copy Pods Resources */ = {
			isa = PBXShellScriptBuildPhase;
			buildActionMask = 2147483647;
			files = (
			);
			inputPaths = (
			);
			name = "[CP] Copy Pods Resources";
			outputPaths = (
			);
			runOnlyForDeploymentPostprocessing = 0;
			shellPath = /bin/sh;
			shellScript = "\"${SRCROOT}/Pods/Target Support Files/Pods-Events/Pods-Events-resources.sh\"\n";
			showEnvVarsInLog = 0;
		};
		800BFC918D30567B15130B95 /* [CP] Check Pods Manifest.lock */ = {
			isa = PBXShellScriptBuildPhase;
			buildActionMask = 2147483647;
			files = (
			);
			inputPaths = (
				"${PODS_PODFILE_DIR_PATH}/Podfile.lock",
				"${PODS_ROOT}/Manifest.lock",
			);
			name = "[CP] Check Pods Manifest.lock";
			outputPaths = (
				"$(DERIVED_FILE_DIR)/Pods-EventsUITests-checkManifestLockResult.txt",
			);
			runOnlyForDeploymentPostprocessing = 0;
			shellPath = /bin/sh;
			shellScript = "diff \"${PODS_PODFILE_DIR_PATH}/Podfile.lock\" \"${PODS_ROOT}/Manifest.lock\" > /dev/null\nif [ $? != 0 ] ; then\n    # print error to STDERR\n    echo \"error: The sandbox is not in sync with the Podfile.lock. Run 'pod install' or update your CocoaPods installation.\" >&2\n    exit 1\nfi\n# This output is used by Xcode 'outputs' to avoid re-running this script phase.\necho \"SUCCESS\" > \"${SCRIPT_OUTPUT_FILE_0}\"\n";
			showEnvVarsInLog = 0;
		};
		8D183F7C089066428665937D /* [CP] Embed Pods Frameworks */ = {
			isa = PBXShellScriptBuildPhase;
			buildActionMask = 2147483647;
			files = (
			);
			inputPaths = (
				"${SRCROOT}/Pods/Target Support Files/Pods-Events/Pods-Events-frameworks.sh",
				"${BUILT_PRODUCTS_DIR}/Alamofire/Alamofire.framework",
				"${BUILT_PRODUCTS_DIR}/BEMCheckBox/BEMCheckBox.framework",
				"${BUILT_PRODUCTS_DIR}/DITranquillity/DITranquillity.framework",
				"${BUILT_PRODUCTS_DIR}/Kingfisher/Kingfisher.framework",
				"${BUILT_PRODUCTS_DIR}/ObjectMapper/ObjectMapper.framework",
				"${BUILT_PRODUCTS_DIR}/RxAlamofire/RxAlamofire.framework",
				"${BUILT_PRODUCTS_DIR}/RxCocoa/RxCocoa.framework",
				"${BUILT_PRODUCTS_DIR}/RxSwift/RxSwift.framework",
				"${BUILT_PRODUCTS_DIR}/SwiftMessages/SwiftMessages.framework",
			);
			name = "[CP] Embed Pods Frameworks";
			outputPaths = (
				"${TARGET_BUILD_DIR}/${FRAMEWORKS_FOLDER_PATH}/Alamofire.framework",
				"${TARGET_BUILD_DIR}/${FRAMEWORKS_FOLDER_PATH}/BEMCheckBox.framework",
				"${TARGET_BUILD_DIR}/${FRAMEWORKS_FOLDER_PATH}/DITranquillity.framework",
				"${TARGET_BUILD_DIR}/${FRAMEWORKS_FOLDER_PATH}/Kingfisher.framework",
				"${TARGET_BUILD_DIR}/${FRAMEWORKS_FOLDER_PATH}/ObjectMapper.framework",
				"${TARGET_BUILD_DIR}/${FRAMEWORKS_FOLDER_PATH}/RxAlamofire.framework",
				"${TARGET_BUILD_DIR}/${FRAMEWORKS_FOLDER_PATH}/RxCocoa.framework",
				"${TARGET_BUILD_DIR}/${FRAMEWORKS_FOLDER_PATH}/RxSwift.framework",
				"${TARGET_BUILD_DIR}/${FRAMEWORKS_FOLDER_PATH}/SwiftMessages.framework",
			);
			runOnlyForDeploymentPostprocessing = 0;
			shellPath = /bin/sh;
			shellScript = "\"${SRCROOT}/Pods/Target Support Files/Pods-Events/Pods-Events-frameworks.sh\"\n";
			showEnvVarsInLog = 0;
		};
		B0E732CABD9CCDA7BBE6EFE2 /* [CP] Embed Pods Frameworks */ = {
			isa = PBXShellScriptBuildPhase;
			buildActionMask = 2147483647;
			files = (
			);
			inputPaths = (
			);
			name = "[CP] Embed Pods Frameworks";
			outputPaths = (
			);
			runOnlyForDeploymentPostprocessing = 0;
			shellPath = /bin/sh;
			shellScript = "\"${SRCROOT}/Pods/Target Support Files/Pods-EventsTests/Pods-EventsTests-frameworks.sh\"\n";
			showEnvVarsInLog = 0;
		};
		C907957BD0FFF27D67C69AE4 /* [CP] Copy Pods Resources */ = {
			isa = PBXShellScriptBuildPhase;
			buildActionMask = 2147483647;
			files = (
			);
			inputPaths = (
			);
			name = "[CP] Copy Pods Resources";
			outputPaths = (
			);
			runOnlyForDeploymentPostprocessing = 0;
			shellPath = /bin/sh;
			shellScript = "\"${SRCROOT}/Pods/Target Support Files/Pods-EventsTests/Pods-EventsTests-resources.sh\"\n";
			showEnvVarsInLog = 0;
		};
		E2199C9845DAAE05C9C18810 /* [CP] Copy Pods Resources */ = {
			isa = PBXShellScriptBuildPhase;
			buildActionMask = 2147483647;
			files = (
			);
			inputPaths = (
			);
			name = "[CP] Copy Pods Resources";
			outputPaths = (
			);
			runOnlyForDeploymentPostprocessing = 0;
			shellPath = /bin/sh;
			shellScript = "\"${SRCROOT}/Pods/Target Support Files/Pods-EventsUITests/Pods-EventsUITests-resources.sh\"\n";
			showEnvVarsInLog = 0;
		};
		F886B4CF1CF90A10C92976EF /* [CP] Check Pods Manifest.lock */ = {
			isa = PBXShellScriptBuildPhase;
			buildActionMask = 2147483647;
			files = (
			);
			inputPaths = (
				"${PODS_PODFILE_DIR_PATH}/Podfile.lock",
				"${PODS_ROOT}/Manifest.lock",
			);
			name = "[CP] Check Pods Manifest.lock";
			outputPaths = (
				"$(DERIVED_FILE_DIR)/Pods-Events-checkManifestLockResult.txt",
			);
			runOnlyForDeploymentPostprocessing = 0;
			shellPath = /bin/sh;
			shellScript = "diff \"${PODS_PODFILE_DIR_PATH}/Podfile.lock\" \"${PODS_ROOT}/Manifest.lock\" > /dev/null\nif [ $? != 0 ] ; then\n    # print error to STDERR\n    echo \"error: The sandbox is not in sync with the Podfile.lock. Run 'pod install' or update your CocoaPods installation.\" >&2\n    exit 1\nfi\n# This output is used by Xcode 'outputs' to avoid re-running this script phase.\necho \"SUCCESS\" > \"${SCRIPT_OUTPUT_FILE_0}\"\n";
			showEnvVarsInLog = 0;
		};
/* End PBXShellScriptBuildPhase section */

/* Begin PBXSourcesBuildPhase section */
		45D7F75B20258D32005AE528 /* Sources */ = {
			isa = PBXSourcesBuildPhase;
			buildActionMask = 2147483647;
			files = (
				45142B2C20287DAC0013B560 /* StringExtensions.swift in Sources */,
				45142B262025FDC20013B560 /* Response.swift in Sources */,
				45142B392028EF980013B560 /* EventListPresenter.swift in Sources */,
				45B728D32030D2FA00563078 /* CategoryFilterViewController.swift in Sources */,
				45142B3E20304BFF0013B560 /* Arch.swift in Sources */,
				45142B2A202871D30013B560 /* EventListCell.swift in Sources */,
				45142B352028E8560013B560 /* AppModule.swift in Sources */,
				45142B0F2025A5770013B560 /* Event.swift in Sources */,
				45BB70D02031900C002C67BC /* Preferences.swift in Sources */,
				45142B1E2025DB1A0013B560 /* EventListViewController.swift in Sources */,
				45142B0C2025A4F10013B560 /* Api.swift in Sources */,
				45142B2820275A8C0013B560 /* ViewExtensions.swift in Sources */,
				45BB70D220319EBE002C67BC /* CategoryFilterMvpView.swift in Sources */,
				45142B1B2025D69F0013B560 /* JsonExtensions.swift in Sources */,
				45D7F76320258D32005AE528 /* AppDelegate.swift in Sources */,
				45B728D12030AA9C00563078 /* MessagesView.swift in Sources */,
				45BB70D62031A506002C67BC /* EventsSettings.swift in Sources */,
				45BB70DA2031C28F002C67BC /* EventsInteractor.swift in Sources */,
				45142B372028EB640013B560 /* EventListModule.swift in Sources */,
				45142B202025DE150013B560 /* RxExtensions.swift in Sources */,
				45B728D62030D36A00563078 /* CategoryFilterPresenter.swift in Sources */,
				45BB70D420319F0C002C67BC /* CategoryFilterModule.swift in Sources */,
				45142B3B2028EFBE0013B560 /* EventListMvpView.swift in Sources */,
				CC968CA6366676835A8B19A3 /* Errors.swift in Sources */,
				CC968D61966B56C4CE380C91 /* Logger.swift in Sources */,
			);
			runOnlyForDeploymentPostprocessing = 0;
		};
		45D7F76F20258D32005AE528 /* Sources */ = {
			isa = PBXSourcesBuildPhase;
			buildActionMask = 2147483647;
			files = (
				45D7F77820258D32005AE528 /* EventsTests.swift in Sources */,
			);
			runOnlyForDeploymentPostprocessing = 0;
		};
		45D7F77A20258D32005AE528 /* Sources */ = {
			isa = PBXSourcesBuildPhase;
			buildActionMask = 2147483647;
			files = (
				45D7F78320258D32005AE528 /* EventsUITests.swift in Sources */,
			);
			runOnlyForDeploymentPostprocessing = 0;
		};
/* End PBXSourcesBuildPhase section */

/* Begin PBXTargetDependency section */
		45D7F77520258D32005AE528 /* PBXTargetDependency */ = {
			isa = PBXTargetDependency;
			target = 45D7F75E20258D32005AE528 /* Events */;
			targetProxy = 45D7F77420258D32005AE528 /* PBXContainerItemProxy */;
		};
		45D7F78020258D32005AE528 /* PBXTargetDependency */ = {
			isa = PBXTargetDependency;
			target = 45D7F75E20258D32005AE528 /* Events */;
			targetProxy = 45D7F77F20258D32005AE528 /* PBXContainerItemProxy */;
		};
/* End PBXTargetDependency section */

/* Begin PBXVariantGroup section */
		45D7F76620258D32005AE528 /* Main.storyboard */ = {
			isa = PBXVariantGroup;
			children = (
				45D7F76720258D32005AE528 /* Base */,
			);
			name = Main.storyboard;
			sourceTree = "<group>";
		};
		45D7F76B20258D32005AE528 /* LaunchScreen.storyboard */ = {
			isa = PBXVariantGroup;
			children = (
				45D7F76C20258D32005AE528 /* Base */,
			);
			name = LaunchScreen.storyboard;
			sourceTree = "<group>";
		};
/* End PBXVariantGroup section */

/* Begin XCBuildConfiguration section */
		45D7F78520258D32005AE528 /* Debug */ = {
			isa = XCBuildConfiguration;
			buildSettings = {
				ALWAYS_SEARCH_USER_PATHS = NO;
				CLANG_ANALYZER_NONNULL = YES;
				CLANG_ANALYZER_NUMBER_OBJECT_CONVERSION = YES_AGGRESSIVE;
				CLANG_CXX_LANGUAGE_STANDARD = "gnu++14";
				CLANG_CXX_LIBRARY = "libc++";
				CLANG_ENABLE_MODULES = YES;
				CLANG_ENABLE_OBJC_ARC = YES;
				CLANG_WARN_BLOCK_CAPTURE_AUTORELEASING = YES;
				CLANG_WARN_BOOL_CONVERSION = YES;
				CLANG_WARN_COMMA = YES;
				CLANG_WARN_CONSTANT_CONVERSION = YES;
				CLANG_WARN_DIRECT_OBJC_ISA_USAGE = YES_ERROR;
				CLANG_WARN_DOCUMENTATION_COMMENTS = YES;
				CLANG_WARN_EMPTY_BODY = YES;
				CLANG_WARN_ENUM_CONVERSION = YES;
				CLANG_WARN_INFINITE_RECURSION = YES;
				CLANG_WARN_INT_CONVERSION = YES;
				CLANG_WARN_NON_LITERAL_NULL_CONVERSION = YES;
				CLANG_WARN_OBJC_LITERAL_CONVERSION = YES;
				CLANG_WARN_OBJC_ROOT_CLASS = YES_ERROR;
				CLANG_WARN_RANGE_LOOP_ANALYSIS = YES;
				CLANG_WARN_STRICT_PROTOTYPES = YES;
				CLANG_WARN_SUSPICIOUS_MOVE = YES;
				CLANG_WARN_UNGUARDED_AVAILABILITY = YES_AGGRESSIVE;
				CLANG_WARN_UNREACHABLE_CODE = YES;
				CLANG_WARN__DUPLICATE_METHOD_MATCH = YES;
				CODE_SIGN_IDENTITY = "iPhone Developer";
				COPY_PHASE_STRIP = NO;
				DEBUG_INFORMATION_FORMAT = dwarf;
				ENABLE_STRICT_OBJC_MSGSEND = YES;
				ENABLE_TESTABILITY = YES;
				GCC_C_LANGUAGE_STANDARD = gnu11;
				GCC_DYNAMIC_NO_PIC = NO;
				GCC_NO_COMMON_BLOCKS = YES;
				GCC_OPTIMIZATION_LEVEL = 0;
				GCC_PREPROCESSOR_DEFINITIONS = (
					"DEBUG=1",
					"$(inherited)",
				);
				GCC_WARN_64_TO_32_BIT_CONVERSION = YES;
				GCC_WARN_ABOUT_RETURN_TYPE = YES_ERROR;
				GCC_WARN_UNDECLARED_SELECTOR = YES;
				GCC_WARN_UNINITIALIZED_AUTOS = YES_AGGRESSIVE;
				GCC_WARN_UNUSED_FUNCTION = YES;
				GCC_WARN_UNUSED_VARIABLE = YES;
				IPHONEOS_DEPLOYMENT_TARGET = 11.2;
				MTL_ENABLE_DEBUG_INFO = YES;
				ONLY_ACTIVE_ARCH = YES;
				SDKROOT = iphoneos;
				SWIFT_ACTIVE_COMPILATION_CONDITIONS = DEBUG;
				SWIFT_OPTIMIZATION_LEVEL = "-Onone";
			};
			name = Debug;
		};
		45D7F78620258D32005AE528 /* Release */ = {
			isa = XCBuildConfiguration;
			buildSettings = {
				ALWAYS_SEARCH_USER_PATHS = NO;
				CLANG_ANALYZER_NONNULL = YES;
				CLANG_ANALYZER_NUMBER_OBJECT_CONVERSION = YES_AGGRESSIVE;
				CLANG_CXX_LANGUAGE_STANDARD = "gnu++14";
				CLANG_CXX_LIBRARY = "libc++";
				CLANG_ENABLE_MODULES = YES;
				CLANG_ENABLE_OBJC_ARC = YES;
				CLANG_WARN_BLOCK_CAPTURE_AUTORELEASING = YES;
				CLANG_WARN_BOOL_CONVERSION = YES;
				CLANG_WARN_COMMA = YES;
				CLANG_WARN_CONSTANT_CONVERSION = YES;
				CLANG_WARN_DIRECT_OBJC_ISA_USAGE = YES_ERROR;
				CLANG_WARN_DOCUMENTATION_COMMENTS = YES;
				CLANG_WARN_EMPTY_BODY = YES;
				CLANG_WARN_ENUM_CONVERSION = YES;
				CLANG_WARN_INFINITE_RECURSION = YES;
				CLANG_WARN_INT_CONVERSION = YES;
				CLANG_WARN_NON_LITERAL_NULL_CONVERSION = YES;
				CLANG_WARN_OBJC_LITERAL_CONVERSION = YES;
				CLANG_WARN_OBJC_ROOT_CLASS = YES_ERROR;
				CLANG_WARN_RANGE_LOOP_ANALYSIS = YES;
				CLANG_WARN_STRICT_PROTOTYPES = YES;
				CLANG_WARN_SUSPICIOUS_MOVE = YES;
				CLANG_WARN_UNGUARDED_AVAILABILITY = YES_AGGRESSIVE;
				CLANG_WARN_UNREACHABLE_CODE = YES;
				CLANG_WARN__DUPLICATE_METHOD_MATCH = YES;
				CODE_SIGN_IDENTITY = "iPhone Developer";
				COPY_PHASE_STRIP = NO;
				DEBUG_INFORMATION_FORMAT = "dwarf-with-dsym";
				ENABLE_NS_ASSERTIONS = NO;
				ENABLE_STRICT_OBJC_MSGSEND = YES;
				GCC_C_LANGUAGE_STANDARD = gnu11;
				GCC_NO_COMMON_BLOCKS = YES;
				GCC_WARN_64_TO_32_BIT_CONVERSION = YES;
				GCC_WARN_ABOUT_RETURN_TYPE = YES_ERROR;
				GCC_WARN_UNDECLARED_SELECTOR = YES;
				GCC_WARN_UNINITIALIZED_AUTOS = YES_AGGRESSIVE;
				GCC_WARN_UNUSED_FUNCTION = YES;
				GCC_WARN_UNUSED_VARIABLE = YES;
				IPHONEOS_DEPLOYMENT_TARGET = 11.2;
				MTL_ENABLE_DEBUG_INFO = NO;
				SDKROOT = iphoneos;
				SWIFT_OPTIMIZATION_LEVEL = "-Owholemodule";
				VALIDATE_PRODUCT = YES;
			};
			name = Release;
		};
		45D7F78820258D32005AE528 /* Debug */ = {
			isa = XCBuildConfiguration;
			baseConfigurationReference = 2F6D8C0554DEF1CD7F2388A3 /* Pods-Events.debug.xcconfig */;
			buildSettings = {
				ASSETCATALOG_COMPILER_APPICON_NAME = AppIcon;
				CODE_SIGN_STYLE = Automatic;
				DEVELOPMENT_TEAM = 52674H43Y8;
				INFOPLIST_FILE = "$(SRCROOT)/Events/Info.plist";
				LD_RUNPATH_SEARCH_PATHS = "$(inherited) @executable_path/Frameworks";
				PRODUCT_BUNDLE_IDENTIFIER = com.zhukovme.events;
				PRODUCT_NAME = "$(TARGET_NAME)";
				SWIFT_VERSION = 4.0;
				TARGETED_DEVICE_FAMILY = "1,2";
			};
			name = Debug;
		};
		45D7F78920258D32005AE528 /* Release */ = {
			isa = XCBuildConfiguration;
			baseConfigurationReference = 2142A960BDB774783CDEAE82 /* Pods-Events.release.xcconfig */;
			buildSettings = {
				ASSETCATALOG_COMPILER_APPICON_NAME = AppIcon;
				CODE_SIGN_STYLE = Automatic;
				DEVELOPMENT_TEAM = 52674H43Y8;
				INFOPLIST_FILE = "$(SRCROOT)/Events/Info.plist";
				LD_RUNPATH_SEARCH_PATHS = "$(inherited) @executable_path/Frameworks";
				PRODUCT_BUNDLE_IDENTIFIER = com.zhukovme.events;
				PRODUCT_NAME = "$(TARGET_NAME)";
				SWIFT_VERSION = 4.0;
				TARGETED_DEVICE_FAMILY = "1,2";
			};
			name = Release;
		};
		45D7F78B20258D32005AE528 /* Debug */ = {
			isa = XCBuildConfiguration;
			baseConfigurationReference = 0647CD574D1F126E55785C4B /* Pods-EventsTests.debug.xcconfig */;
			buildSettings = {
				ALWAYS_EMBED_SWIFT_STANDARD_LIBRARIES = YES;
				BUNDLE_LOADER = "$(TEST_HOST)";
				CODE_SIGN_STYLE = Automatic;
				INFOPLIST_FILE = "Smile Expo EventsTests/Info.plist";
				LD_RUNPATH_SEARCH_PATHS = "$(inherited) @executable_path/Frameworks @loader_path/Frameworks";
				PRODUCT_BUNDLE_IDENTIFIER = "com.zhukovme.Smile-Expo-EventsTests";
				PRODUCT_NAME = "$(TARGET_NAME)";
				SWIFT_VERSION = 4.0;
				TARGETED_DEVICE_FAMILY = "1,2";
				TEST_HOST = "$(BUILT_PRODUCTS_DIR)/Events.app/Events";
			};
			name = Debug;
		};
		45D7F78C20258D32005AE528 /* Release */ = {
			isa = XCBuildConfiguration;
			baseConfigurationReference = 15A06B7CA360BABB62DC1937 /* Pods-EventsTests.release.xcconfig */;
			buildSettings = {
				ALWAYS_EMBED_SWIFT_STANDARD_LIBRARIES = YES;
				BUNDLE_LOADER = "$(TEST_HOST)";
				CODE_SIGN_STYLE = Automatic;
				INFOPLIST_FILE = "Smile Expo EventsTests/Info.plist";
				LD_RUNPATH_SEARCH_PATHS = "$(inherited) @executable_path/Frameworks @loader_path/Frameworks";
				PRODUCT_BUNDLE_IDENTIFIER = "com.zhukovme.Smile-Expo-EventsTests";
				PRODUCT_NAME = "$(TARGET_NAME)";
				SWIFT_VERSION = 4.0;
				TARGETED_DEVICE_FAMILY = "1,2";
				TEST_HOST = "$(BUILT_PRODUCTS_DIR)/Events.app/Events";
			};
			name = Release;
		};
		45D7F78E20258D32005AE528 /* Debug */ = {
			isa = XCBuildConfiguration;
			baseConfigurationReference = 1048E914EBACFCFA06D566A7 /* Pods-EventsUITests.debug.xcconfig */;
			buildSettings = {
				ALWAYS_EMBED_SWIFT_STANDARD_LIBRARIES = YES;
				CODE_SIGN_STYLE = Automatic;
				INFOPLIST_FILE = "Smile Expo EventsUITests/Info.plist";
				LD_RUNPATH_SEARCH_PATHS = "$(inherited) @executable_path/Frameworks @loader_path/Frameworks";
				PRODUCT_BUNDLE_IDENTIFIER = "com.zhukovme.Smile-Expo-EventsUITests";
				PRODUCT_NAME = "$(TARGET_NAME)";
				SWIFT_VERSION = 4.0;
				TARGETED_DEVICE_FAMILY = "1,2";
				TEST_TARGET_NAME = "Smile Expo Events";
			};
			name = Debug;
		};
		45D7F78F20258D32005AE528 /* Release */ = {
			isa = XCBuildConfiguration;
			baseConfigurationReference = B3D5BE308C5CD8A24E2763D7 /* Pods-EventsUITests.release.xcconfig */;
			buildSettings = {
				ALWAYS_EMBED_SWIFT_STANDARD_LIBRARIES = YES;
				CODE_SIGN_STYLE = Automatic;
				INFOPLIST_FILE = "Smile Expo EventsUITests/Info.plist";
				LD_RUNPATH_SEARCH_PATHS = "$(inherited) @executable_path/Frameworks @loader_path/Frameworks";
				PRODUCT_BUNDLE_IDENTIFIER = "com.zhukovme.Smile-Expo-EventsUITests";
				PRODUCT_NAME = "$(TARGET_NAME)";
				SWIFT_VERSION = 4.0;
				TARGETED_DEVICE_FAMILY = "1,2";
				TEST_TARGET_NAME = "Smile Expo Events";
			};
			name = Release;
		};
/* End XCBuildConfiguration section */

/* Begin XCConfigurationList section */
		45D7F75A20258D32005AE528 /* Build configuration list for PBXProject "Events" */ = {
			isa = XCConfigurationList;
			buildConfigurations = (
				45D7F78520258D32005AE528 /* Debug */,
				45D7F78620258D32005AE528 /* Release */,
			);
			defaultConfigurationIsVisible = 0;
			defaultConfigurationName = Release;
		};
		45D7F78720258D32005AE528 /* Build configuration list for PBXNativeTarget "Events" */ = {
			isa = XCConfigurationList;
			buildConfigurations = (
				45D7F78820258D32005AE528 /* Debug */,
				45D7F78920258D32005AE528 /* Release */,
			);
			defaultConfigurationIsVisible = 0;
			defaultConfigurationName = Release;
		};
		45D7F78A20258D32005AE528 /* Build configuration list for PBXNativeTarget "EventsTests" */ = {
			isa = XCConfigurationList;
			buildConfigurations = (
				45D7F78B20258D32005AE528 /* Debug */,
				45D7F78C20258D32005AE528 /* Release */,
			);
			defaultConfigurationIsVisible = 0;
			defaultConfigurationName = Release;
		};
		45D7F78D20258D32005AE528 /* Build configuration list for PBXNativeTarget "EventsUITests" */ = {
			isa = XCConfigurationList;
			buildConfigurations = (
				45D7F78E20258D32005AE528 /* Debug */,
				45D7F78F20258D32005AE528 /* Release */,
			);
			defaultConfigurationIsVisible = 0;
			defaultConfigurationName = Release;
		};
/* End XCConfigurationList section */
	};
	rootObject = 45D7F75720258D32005AE528 /* Project object */;
}
